
Microsoft Visual Studio Solution File, Format Version 12.00
# Visual Studio 15
VisualStudioVersion = 15.0.27703.2042
MinimumVisualStudioVersion = 10.0.40219.1
Project("{FAE04EC0-301F-11D3-BF4B-00C04F79EFBC}") = "IManip", "IManip\IManip.csproj", "{A2E3AF0F-C18C-47A6-9289-EA0D4DC8687B}"
EndProject
Global
	GlobalSection(SolutionConfigurationPlatforms) = preSolution
		Debug|Any CPU = Debug|Any CPU
		Release|Any CPU = Release|Any CPU
	EndGlobalSection
	GlobalSection(ProjectConfigurationPlatforms) = postSolution
		{A2E3AF0F-C18C-47A6-9289-EA0D4DC8687B}.Debug|Any CPU.ActiveCfg = Debug|Any CPU
		{A2E3AF0F-C18C-47A6-9289-EA0D4DC8687B}.Debug|Any CPU.Build.0 = Debug|Any CPU
		{A2E3AF0F-C18C-47A6-9289-EA0D4DC8687B}.Release|Any CPU.ActiveCfg = Release|Any CPU
		{A2E3AF0F-C18C-47A6-9289-EA0D4DC8687B}.Release|Any CPU.Build.0 = Release|Any CPU
	EndGlobalSection
	GlobalSection(SolutionProperties) = preSolution
		HideSolutionNode = FALSE
	EndGlobalSection
	GlobalSection(ExtensibilityGlobals) = postSolution
		SolutionGuid = {899558DE-89DD-44AB-869C-968D5445CFB6}
	EndGlobalSection
EndGlobal
